<?xml version="1.0" encoding="utf-8"?>
<Project ToolsVersion="4.0" xmlns="http://schemas.microsoft.com/developer/msbuild/2003">
  <ItemGroup>
    <Filter Include="源文件">
      <UniqueIdentifier>{4FC737F1-C7A5-4376-A066-2A32D752A2FF}</UniqueIdentifier>
      <Extensions>cpp;c;cc;cxx;c++;cppm;ixx;def;odl;idl;hpj;bat;asm;asmx</Extensions>
    </Filter>
    <Filter Include="头文件">
      <UniqueIdentifier>{93995380-89BD-4b04-88EB-625FBE52EBFB}</UniqueIdentifier>
      <Extensions>h;hh;hpp;hxx;h++;hm;inl;inc;ipp;xsd</Extensions>
    </Filter>
    <Filter Include="资源文件">
      <UniqueIdentifier>{67DA6AB6-F800-4c08-8B7A-83BB121AAD01}</UniqueIdentifier>
      <Extensions>rc;ico;cur;bmp;dlg;rc2;rct;bin;rgs;gif;jpg;jpeg;jpe;resx;tiff;tif;png;wav;mfcribbon-ms</Extensions>
    </Filter>
    <Filter Include="头文件\Utils">
      <UniqueIdentifier>{bf93339c-b752-47cd-b058-03021abd54e0}</UniqueIdentifier>
    </Filter>
    <Filter Include="头文件\Modules">
      <UniqueIdentifier>{4bd2eb51-5099-4b90-aa59-e704056c953d}</UniqueIdentifier>
    </Filter>
    <Filter Include="源文件\Modules">
      <UniqueIdentifier>{1f1c39c4-fb4f-41d5-989e-c91954bfbf36}</UniqueIdentifier>
    </Filter>
    <Filter Include="源文件\Entites">
      <UniqueIdentifier>{eedd934c-b077-4cdd-92fc-369489449a51}</UniqueIdentifier>
    </Filter>
    <Filter Include="头文件\Entites">
      <UniqueIdentifier>{8075f476-ed81-4a57-a8ce-838f7e97635e}</UniqueIdentifier>
    </Filter>
  </ItemGroup>
  <ItemGroup>
    <ClCompile Include="main.cpp">
      <Filter>源文件</Filter>
    </ClCompile>
    <ClCompile Include="source\graphics.cpp">
      <Filter>源文件\Modules</Filter>
    </ClCompile>
    <ClCompile Include="source\scene.cpp">
      <Filter>源文件\Modules</Filter>
    </ClCompile>
    <ClCompile Include="source\camera.cpp">
      <Filter>源文件\Entites</Filter>
    </ClCompile>
    <ClCompile Include="source\cube.cpp">
      <Filter>源文件\Entites</Filter>
    </ClCompile>
    <ClCompile Include="source\SGL.cpp">
      <Filter>源文件</Filter>
    </ClCompile>
    <ClCompile Include="source\physical.cpp">
      <Filter>源文件\Modules</Filter>
    </ClCompile>
    <ClCompile Include="source\sphere.cpp">
      <Filter>源文件\Entites</Filter>
    </ClCompile>
    <ClCompile Include="source\cylinder.cpp">
      <Filter>源文件\Entites</Filter>
    </ClCompile>
    <ClCompile Include="source\capsule.cpp">
      <Filter>源文件\Entites</Filter>
    </ClCompile>
    <ClCompile Include="third_party\Jolt\RegisterTypes.cpp">
      <Filter>源文件</Filter>
    </ClCompile>
    <ClCompile Include="third_party\Jolt\TriangleSplitter\TriangleSplitter.cpp">
      <Filter>源文件</Filter>
    </ClCompile>
    <ClCompile Include="third_party\Jolt\TriangleSplitter\TriangleSplitterBinning.cpp">
      <Filter>源文件</Filter>
    </ClCompile>
    <ClCompile Include="third_party\Jolt\TriangleSplitter\TriangleSplitterMean.cpp">
      <Filter>源文件</Filter>
    </ClCompile>
    <ClCompile Include="third_party\Jolt\Skeleton\SkeletalAnimation.cpp">
      <Filter>源文件</Filter>
    </ClCompile>
    <ClCompile Include="third_party\Jolt\Skeleton\Skeleton.cpp">
      <Filter>源文件</Filter>
    </ClCompile>
    <ClCompile Include="third_party\Jolt\Skeleton\SkeletonMapper.cpp">
      <Filter>源文件</Filter>
    </ClCompile>
    <ClCompile Include="third_party\Jolt\Skeleton\SkeletonPose.cpp">
      <Filter>源文件</Filter>
    </ClCompile>
    <ClCompile Include="third_party\Jolt\Physics\Collision\BroadPhase\BroadPhase.cpp">
      <Filter>源文件</Filter>
    </ClCompile>
    <ClCompile Include="third_party\Jolt\Physics\Collision\BroadPhase\BroadPhaseBruteForce.cpp">
      <Filter>源文件</Filter>
    </ClCompile>
    <ClCompile Include="third_party\Jolt\Physics\Collision\BroadPhase\BroadPhaseQuadTree.cpp">
      <Filter>源文件</Filter>
    </ClCompile>
    <ClCompile Include="third_party\Jolt\Physics\Collision\BroadPhase\QuadTree.cpp">
      <Filter>源文件</Filter>
    </ClCompile>
    <ClCompile Include="third_party\Jolt\Physics\Collision\Shape\BoxShape.cpp">
      <Filter>源文件</Filter>
    </ClCompile>
    <ClCompile Include="third_party\Jolt\Physics\Collision\Shape\CapsuleShape.cpp">
      <Filter>源文件</Filter>
    </ClCompile>
    <ClCompile Include="third_party\Jolt\Physics\Collision\Shape\CompoundShape.cpp">
      <Filter>源文件</Filter>
    </ClCompile>
    <ClCompile Include="third_party\Jolt\Physics\Collision\Shape\ConvexHullShape.cpp">
      <Filter>源文件</Filter>
    </ClCompile>
    <ClCompile Include="third_party\Jolt\Physics\Collision\Shape\ConvexShape.cpp">
      <Filter>源文件</Filter>
    </ClCompile>
    <ClCompile Include="third_party\Jolt\Physics\Collision\Shape\CylinderShape.cpp">
      <Filter>源文件</Filter>
    </ClCompile>
    <ClCompile Include="third_party\Jolt\Physics\Collision\Shape\DecoratedShape.cpp">
      <Filter>源文件</Filter>
    </ClCompile>
    <ClCompile Include="third_party\Jolt\Physics\Collision\Shape\EmptyShape.cpp">
      <Filter>源文件</Filter>
    </ClCompile>
    <ClCompile Include="third_party\Jolt\Physics\Collision\Shape\HeightFieldShape.cpp">
      <Filter>源文件</Filter>
    </ClCompile>
    <ClCompile Include="third_party\Jolt\Physics\Collision\Shape\MeshShape.cpp">
      <Filter>源文件</Filter>
    </ClCompile>
    <ClCompile Include="third_party\Jolt\Physics\Collision\Shape\MutableCompoundShape.cpp">
      <Filter>源文件</Filter>
    </ClCompile>
    <ClCompile Include="third_party\Jolt\Physics\Collision\Shape\OffsetCenterOfMassShape.cpp">
      <Filter>源文件</Filter>
    </ClCompile>
    <ClCompile Include="third_party\Jolt\Physics\Collision\Shape\PlaneShape.cpp">
      <Filter>源文件</Filter>
    </ClCompile>
    <ClCompile Include="third_party\Jolt\Physics\Collision\Shape\RotatedTranslatedShape.cpp">
      <Filter>源文件</Filter>
    </ClCompile>
    <ClCompile Include="third_party\Jolt\Physics\Collision\Shape\ScaledShape.cpp">
      <Filter>源文件</Filter>
    </ClCompile>
    <ClCompile Include="third_party\Jolt\Physics\Collision\Shape\Shape.cpp">
      <Filter>源文件</Filter>
    </ClCompile>
    <ClCompile Include="third_party\Jolt\Physics\Collision\Shape\SphereShape.cpp">
      <Filter>源文件</Filter>
    </ClCompile>
    <ClCompile Include="third_party\Jolt\Physics\Collision\Shape\StaticCompoundShape.cpp">
      <Filter>源文件</Filter>
    </ClCompile>
    <ClCompile Include="third_party\Jolt\Physics\Collision\Shape\TaperedCapsuleShape.cpp">
      <Filter>源文件</Filter>
    </ClCompile>
    <ClCompile Include="third_party\Jolt\Physics\Collision\Shape\TaperedCylinderShape.cpp">
      <Filter>源文件</Filter>
    </ClCompile>
    <ClCompile Include="third_party\Jolt\Physics\Collision\Shape\TriangleShape.cpp">
      <Filter>源文件</Filter>
    </ClCompile>
    <ClCompile Include="third_party\Jolt\Physics\Collision\CastConvexVsTriangles.cpp">
      <Filter>源文件</Filter>
    </ClCompile>
    <ClCompile Include="third_party\Jolt\Physics\Collision\CastSphereVsTriangles.cpp">
      <Filter>源文件</Filter>
    </ClCompile>
    <ClCompile Include="third_party\Jolt\Physics\Collision\CollideConvexVsTriangles.cpp">
      <Filter>源文件</Filter>
    </ClCompile>
    <ClCompile Include="third_party\Jolt\Physics\Collision\CollideSphereVsTriangles.cpp">
      <Filter>源文件</Filter>
    </ClCompile>
    <ClCompile Include="third_party\Jolt\Physics\Collision\CollisionDispatch.cpp">
      <Filter>源文件</Filter>
    </ClCompile>
    <ClCompile Include="third_party\Jolt\Physics\Collision\CollisionGroup.cpp">
      <Filter>源文件</Filter>
    </ClCompile>
    <ClCompile Include="third_party\Jolt\Physics\Collision\EstimateCollisionResponse.cpp">
      <Filter>源文件</Filter>
    </ClCompile>
    <ClCompile Include="third_party\Jolt\Physics\Collision\GroupFilter.cpp">
      <Filter>源文件</Filter>
    </ClCompile>
    <ClCompile Include="third_party\Jolt\Physics\Collision\GroupFilterTable.cpp">
      <Filter>源文件</Filter>
    </ClCompile>
    <ClCompile Include="third_party\Jolt\Physics\Collision\ManifoldBetweenTwoFaces.cpp">
      <Filter>源文件</Filter>
    </ClCompile>
    <ClCompile Include="third_party\Jolt\Physics\Collision\NarrowPhaseQuery.cpp">
      <Filter>源文件</Filter>
    </ClCompile>
    <ClCompile Include="third_party\Jolt\Physics\Collision\NarrowPhaseStats.cpp">
      <Filter>源文件</Filter>
    </ClCompile>
    <ClCompile Include="third_party\Jolt\Physics\Collision\PhysicsMaterial.cpp">
      <Filter>源文件</Filter>
    </ClCompile>
    <ClCompile Include="third_party\Jolt\Physics\Collision\PhysicsMaterialSimple.cpp">
      <Filter>源文件</Filter>
    </ClCompile>
    <ClCompile Include="third_party\Jolt\Physics\Collision\TransformedShape.cpp">
      <Filter>源文件</Filter>
    </ClCompile>
    <ClCompile Include="third_party\Jolt\Physics\Constraints\ConeConstraint.cpp">
      <Filter>源文件</Filter>
    </ClCompile>
    <ClCompile Include="third_party\Jolt\Physics\Constraints\Constraint.cpp">
      <Filter>源文件</Filter>
    </ClCompile>
    <ClCompile Include="third_party\Jolt\Physics\Constraints\ConstraintManager.cpp">
      <Filter>源文件</Filter>
    </ClCompile>
    <ClCompile Include="third_party\Jolt\Physics\Constraints\ContactConstraintManager.cpp">
      <Filter>源文件</Filter>
    </ClCompile>
    <ClCompile Include="third_party\Jolt\Physics\Constraints\DistanceConstraint.cpp">
      <Filter>源文件</Filter>
    </ClCompile>
    <ClCompile Include="third_party\Jolt\Physics\Constraints\FixedConstraint.cpp">
      <Filter>源文件</Filter>
    </ClCompile>
    <ClCompile Include="third_party\Jolt\Physics\Constraints\GearConstraint.cpp">
      <Filter>源文件</Filter>
    </ClCompile>
    <ClCompile Include="third_party\Jolt\Physics\Constraints\HingeConstraint.cpp">
      <Filter>源文件</Filter>
    </ClCompile>
    <ClCompile Include="third_party\Jolt\Physics\Constraints\MotorSettings.cpp">
      <Filter>源文件</Filter>
    </ClCompile>
    <ClCompile Include="third_party\Jolt\Physics\Constraints\PathConstraint.cpp">
      <Filter>源文件</Filter>
    </ClCompile>
    <ClCompile Include="third_party\Jolt\Physics\Constraints\PathConstraintPath.cpp">
      <Filter>源文件</Filter>
    </ClCompile>
    <ClCompile Include="third_party\Jolt\Physics\Constraints\PathConstraintPathHermite.cpp">
      <Filter>源文件</Filter>
    </ClCompile>
    <ClCompile Include="third_party\Jolt\Physics\Constraints\PointConstraint.cpp">
      <Filter>源文件</Filter>
    </ClCompile>
    <ClCompile Include="third_party\Jolt\Physics\Constraints\PulleyConstraint.cpp">
      <Filter>源文件</Filter>
    </ClCompile>
    <ClCompile Include="third_party\Jolt\Physics\Constraints\RackAndPinionConstraint.cpp">
      <Filter>源文件</Filter>
    </ClCompile>
    <ClCompile Include="third_party\Jolt\Physics\Constraints\SixDOFConstraint.cpp">
      <Filter>源文件</Filter>
    </ClCompile>
    <ClCompile Include="third_party\Jolt\Physics\Constraints\SliderConstraint.cpp">
      <Filter>源文件</Filter>
    </ClCompile>
    <ClCompile Include="third_party\Jolt\Physics\Constraints\SpringSettings.cpp">
      <Filter>源文件</Filter>
    </ClCompile>
    <ClCompile Include="third_party\Jolt\Physics\Constraints\SwingTwistConstraint.cpp">
      <Filter>源文件</Filter>
    </ClCompile>
    <ClCompile Include="third_party\Jolt\Physics\Constraints\TwoBodyConstraint.cpp">
      <Filter>源文件</Filter>
    </ClCompile>
    <ClCompile Include="third_party\Jolt\Physics\Hair\Hair.cpp">
      <Filter>源文件</Filter>
    </ClCompile>
    <ClCompile Include="third_party\Jolt\Physics\Hair\HairSettings.cpp">
      <Filter>源文件</Filter>
    </ClCompile>
    <ClCompile Include="third_party\Jolt\Physics\Hair\HairShaders.cpp">
      <Filter>源文件</Filter>
    </ClCompile>
    <ClCompile Include="third_party\Jolt\Physics\Hair\RegisterHair.cpp">
      <Filter>源文件</Filter>
    </ClCompile>
    <ClCompile Include="third_party\Jolt\Physics\Ragdoll\Ragdoll.cpp">
      <Filter>源文件</Filter>
    </ClCompile>
    <ClCompile Include="third_party\Jolt\Physics\SoftBody\SoftBodyCreationSettings.cpp">
      <Filter>源文件</Filter>
    </ClCompile>
    <ClCompile Include="third_party\Jolt\Physics\SoftBody\SoftBodyMotionProperties.cpp">
      <Filter>源文件</Filter>
    </ClCompile>
    <ClCompile Include="third_party\Jolt\Physics\SoftBody\SoftBodyShape.cpp">
      <Filter>源文件</Filter>
    </ClCompile>
    <ClCompile Include="third_party\Jolt\Physics\SoftBody\SoftBodySharedSettings.cpp">
      <Filter>源文件</Filter>
    </ClCompile>
    <ClCompile Include="third_party\Jolt\Physics\Vehicle\MotorcycleController.cpp">
      <Filter>源文件</Filter>
    </ClCompile>
    <ClCompile Include="third_party\Jolt\Physics\Vehicle\TrackedVehicleController.cpp">
      <Filter>源文件</Filter>
    </ClCompile>
    <ClCompile Include="third_party\Jolt\Physics\Vehicle\VehicleAntiRollBar.cpp">
      <Filter>源文件</Filter>
    </ClCompile>
    <ClCompile Include="third_party\Jolt\Physics\Vehicle\VehicleCollisionTester.cpp">
      <Filter>源文件</Filter>
    </ClCompile>
    <ClCompile Include="third_party\Jolt\Physics\Vehicle\VehicleConstraint.cpp">
      <Filter>源文件</Filter>
    </ClCompile>
    <ClCompile Include="third_party\Jolt\Physics\Vehicle\VehicleController.cpp">
      <Filter>源文件</Filter>
    </ClCompile>
    <ClCompile Include="third_party\Jolt\Physics\Vehicle\VehicleDifferential.cpp">
      <Filter>源文件</Filter>
    </ClCompile>
    <ClCompile Include="third_party\Jolt\Physics\Vehicle\VehicleEngine.cpp">
      <Filter>源文件</Filter>
    </ClCompile>
    <ClCompile Include="third_party\Jolt\Physics\Vehicle\VehicleTrack.cpp">
      <Filter>源文件</Filter>
    </ClCompile>
    <ClCompile Include="third_party\Jolt\Physics\Vehicle\VehicleTransmission.cpp">
      <Filter>源文件</Filter>
    </ClCompile>
    <ClCompile Include="third_party\Jolt\Physics\Vehicle\Wheel.cpp">
      <Filter>源文件</Filter>
    </ClCompile>
    <ClCompile Include="third_party\Jolt\Physics\Vehicle\WheeledVehicleController.cpp">
      <Filter>源文件</Filter>
    </ClCompile>
    <ClCompile Include="third_party\Jolt\Physics\DeterminismLog.cpp">
      <Filter>源文件</Filter>
    </ClCompile>
    <ClCompile Include="third_party\Jolt\Physics\IslandBuilder.cpp">
      <Filter>源文件</Filter>
    </ClCompile>
    <ClCompile Include="third_party\Jolt\Physics\LargeIslandSplitter.cpp">
      <Filter>源文件</Filter>
    </ClCompile>
    <ClCompile Include="third_party\Jolt\Physics\PhysicsScene.cpp">
      <Filter>源文件</Filter>
    </ClCompile>
    <ClCompile Include="third_party\Jolt\Physics\PhysicsSystem.cpp">
      <Filter>源文件</Filter>
    </ClCompile>
    <ClCompile Include="third_party\Jolt\Physics\PhysicsUpdateContext.cpp">
      <Filter>源文件</Filter>
    </ClCompile>
    <ClCompile Include="third_party\Jolt\Physics\StateRecorderImpl.cpp">
      <Filter>源文件</Filter>
    </ClCompile>
    <ClCompile Include="third_party\Jolt\Physics\Character\Character.cpp">
      <Filter>源文件</Filter>
    </ClCompile>
    <ClCompile Include="third_party\Jolt\Physics\Character\CharacterBase.cpp">
      <Filter>源文件</Filter>
    </ClCompile>
    <ClCompile Include="third_party\Jolt\Physics\Character\CharacterVirtual.cpp">
      <Filter>源文件</Filter>
    </ClCompile>
    <ClCompile Include="third_party\Jolt\Physics\Body\Body.cpp">
      <Filter>源文件</Filter>
    </ClCompile>
    <ClCompile Include="third_party\Jolt\Physics\Body\BodyCreationSettings.cpp">
      <Filter>源文件</Filter>
    </ClCompile>
    <ClCompile Include="third_party\Jolt\Physics\Body\BodyInterface.cpp">
      <Filter>源文件</Filter>
    </ClCompile>
    <ClCompile Include="third_party\Jolt\Physics\Body\BodyManager.cpp">
      <Filter>源文件</Filter>
    </ClCompile>
    <ClCompile Include="third_party\Jolt\Physics\Body\MassProperties.cpp">
      <Filter>源文件</Filter>
    </ClCompile>
    <ClCompile Include="third_party\Jolt\Physics\Body\MotionProperties.cpp">
      <Filter>源文件</Filter>
    </ClCompile>
    <ClCompile Include="third_party\Jolt\Math\Vec3.cpp">
      <Filter>源文件</Filter>
    </ClCompile>
    <ClCompile Include="third_party\Jolt\Geometry\ConvexHullBuilder.cpp">
      <Filter>源文件</Filter>
    </ClCompile>
    <ClCompile Include="third_party\Jolt\Geometry\ConvexHullBuilder2D.cpp">
      <Filter>源文件</Filter>
    </ClCompile>
    <ClCompile Include="third_party\Jolt\Geometry\Indexify.cpp">
      <Filter>源文件</Filter>
    </ClCompile>
    <ClCompile Include="third_party\Jolt\Geometry\OrientedBox.cpp">
      <Filter>源文件</Filter>
    </ClCompile>
    <ClCompile Include="third_party\Jolt\Core\Color.cpp">
      <Filter>源文件</Filter>
    </ClCompile>
    <ClCompile Include="third_party\Jolt\Core\Factory.cpp">
      <Filter>源文件</Filter>
    </ClCompile>
    <ClCompile Include="third_party\Jolt\Core\IssueReporting.cpp">
      <Filter>源文件</Filter>
    </ClCompile>
    <ClCompile Include="third_party\Jolt\Core\JobSystemSingleThreaded.cpp">
      <Filter>源文件</Filter>
    </ClCompile>
    <ClCompile Include="third_party\Jolt\Core\JobSystemThreadPool.cpp">
      <Filter>源文件</Filter>
    </ClCompile>
    <ClCompile Include="third_party\Jolt\Core\JobSystemWithBarrier.cpp">
      <Filter>源文件</Filter>
    </ClCompile>
    <ClCompile Include="third_party\Jolt\Core\LinearCurve.cpp">
      <Filter>源文件</Filter>
    </ClCompile>
    <ClCompile Include="third_party\Jolt\Core\Memory.cpp">
      <Filter>源文件</Filter>
    </ClCompile>
    <ClCompile Include="third_party\Jolt\Core\Profiler.cpp">
      <Filter>源文件</Filter>
    </ClCompile>
    <ClCompile Include="third_party\Jolt\Core\RTTI.cpp">
      <Filter>源文件</Filter>
    </ClCompile>
    <ClCompile Include="third_party\Jolt\Core\Semaphore.cpp">
      <Filter>源文件</Filter>
    </ClCompile>
    <ClCompile Include="third_party\Jolt\Core\StringTools.cpp">
      <Filter>源文件</Filter>
    </ClCompile>
    <ClCompile Include="third_party\Jolt\Core\TickCounter.cpp">
      <Filter>源文件</Filter>
    </ClCompile>
    <ClCompile Include="third_party\Jolt\AABBTree\AABBTreeBuilder.cpp">
      <Filter>源文件</Filter>
    </ClCompile>
    <ClCompile Include="third_party\Jolt\ObjectStream\ObjectStream.cpp">
      <Filter>源文件</Filter>
    </ClCompile>
    <ClCompile Include="third_party\Jolt\ObjectStream\ObjectStreamBinaryIn.cpp">
      <Filter>源文件</Filter>
    </ClCompile>
    <ClCompile Include="third_party\Jolt\ObjectStream\ObjectStreamBinaryOut.cpp">
      <Filter>源文件</Filter>
    </ClCompile>
    <ClCompile Include="third_party\Jolt\ObjectStream\ObjectStreamIn.cpp">
      <Filter>源文件</Filter>
    </ClCompile>
    <ClCompile Include="third_party\Jolt\ObjectStream\ObjectStreamOut.cpp">
      <Filter>源文件</Filter>
    </ClCompile>
    <ClCompile Include="third_party\Jolt\ObjectStream\ObjectStreamTextIn.cpp">
      <Filter>源文件</Filter>
    </ClCompile>
    <ClCompile Include="third_party\Jolt\ObjectStream\ObjectStreamTextOut.cpp">
      <Filter>源文件</Filter>
    </ClCompile>
    <ClCompile Include="third_party\Jolt\ObjectStream\SerializableObject.cpp">
      <Filter>源文件</Filter>
    </ClCompile>
    <ClCompile Include="third_party\Jolt\ObjectStream\TypeDeclarations.cpp">
      <Filter>源文件</Filter>
    </ClCompile>
  </ItemGroup>
  <ItemGroup>
    <ClInclude Include="includes\SGL.h">
      <Filter>头文件</Filter>
    </ClInclude>
    <ClInclude Include="includes\mathUtils.h">
      <Filter>头文件\Utils</Filter>
    </ClInclude>
    <ClInclude Include="includes\raylibUtils.h">
      <Filter>头文件\Utils</Filter>
    </ClInclude>
    <ClInclude Include="includes\cube.h">
      <Filter>头文件\Entites</Filter>
    </ClInclude>
    <ClInclude Include="includes\camera.h">
      <Filter>头文件\Entites</Filter>
    </ClInclude>
    <ClInclude Include="includes\scene.h">
      <Filter>头文件\Modules</Filter>
    </ClInclude>
    <ClInclude Include="includes\component.h">
      <Filter>头文件\Modules</Filter>
    </ClInclude>
    <ClInclude Include="includes\graphics.h">
      <Filter>头文件\Modules</Filter>
    </ClInclude>
    <ClInclude Include="includes\physical.h">
      <Filter>头文件\Modules</Filter>
    </ClInclude>
    <ClInclude Include="includes\sphere.h">
      <Filter>头文件\Entites</Filter>
    </ClInclude>
    <ClInclude Include="includes\cylinder.h">
      <Filter>头文件\Entites</Filter>
    </ClInclude>
    <ClInclude Include="includes\capsule.h">
      <Filter>头文件\Entites</Filter>
    </ClInclude>
    <ClInclude Include="third_party\Jolt\RegisterTypes.h">
      <Filter>头文件</Filter>
    </ClInclude>
    <ClInclude Include="third_party\Jolt\ConfigurationString.h">
      <Filter>头文件</Filter>
    </ClInclude>
    <ClInclude Include="third_party\Jolt\Jolt.h">
      <Filter>头文件</Filter>
    </ClInclude>
    <ClInclude Include="third_party\Jolt\TriangleSplitter\TriangleSplitter.h">
      <Filter>头文件</Filter>
    </ClInclude>
    <ClInclude Include="third_party\Jolt\TriangleSplitter\TriangleSplitterBinning.h">
      <Filter>头文件</Filter>
    </ClInclude>
    <ClInclude Include="third_party\Jolt\TriangleSplitter\TriangleSplitterMean.h">
      <Filter>头文件</Filter>
    </ClInclude>
    <ClInclude Include="third_party\Jolt\Skeleton\SkeletonPose.h">
      <Filter>头文件</Filter>
    </ClInclude>
    <ClInclude Include="third_party\Jolt\Skeleton\SkeletalAnimation.h">
      <Filter>头文件</Filter>
    </ClInclude>
    <ClInclude Include="third_party\Jolt\Skeleton\Skeleton.h">
      <Filter>头文件</Filter>
    </ClInclude>
    <ClInclude Include="third_party\Jolt\Skeleton\SkeletonMapper.h">
      <Filter>头文件</Filter>
    </ClInclude>
    <ClInclude Include="third_party\Jolt\Physics\Collision\BroadPhase\BroadPhase.h">
      <Filter>头文件</Filter>
    </ClInclude>
    <ClInclude Include="third_party\Jolt\Physics\Collision\BroadPhase\BroadPhaseBruteForce.h">
      <Filter>头文件</Filter>
    </ClInclude>
    <ClInclude Include="third_party\Jolt\Physics\Collision\BroadPhase\BroadPhaseLayer.h">
      <Filter>头文件</Filter>
    </ClInclude>
    <ClInclude Include="third_party\Jolt\Physics\Collision\BroadPhase\BroadPhaseLayerInterfaceMask.h">
      <Filter>头文件</Filter>
    </ClInclude>
    <ClInclude Include="third_party\Jolt\Physics\Collision\BroadPhase\BroadPhaseLayerInterfaceTable.h">
      <Filter>头文件</Filter>
    </ClInclude>
    <ClInclude Include="third_party\Jolt\Physics\Collision\BroadPhase\BroadPhaseQuadTree.h">
      <Filter>头文件</Filter>
    </ClInclude>
    <ClInclude Include="third_party\Jolt\Physics\Collision\BroadPhase\BroadPhaseQuery.h">
      <Filter>头文件</Filter>
    </ClInclude>
    <ClInclude Include="third_party\Jolt\Physics\Collision\BroadPhase\ObjectVsBroadPhaseLayerFilterMask.h">
      <Filter>头文件</Filter>
    </ClInclude>
    <ClInclude Include="third_party\Jolt\Physics\Collision\BroadPhase\ObjectVsBroadPhaseLayerFilterTable.h">
      <Filter>头文件</Filter>
    </ClInclude>
    <ClInclude Include="third_party\Jolt\Physics\Collision\BroadPhase\QuadTree.h">
      <Filter>头文件</Filter>
    </ClInclude>
    <ClInclude Include="third_party\Jolt\Physics\Collision\Shape\BoxShape.h">
      <Filter>头文件</Filter>
    </ClInclude>
    <ClInclude Include="third_party\Jolt\Physics\Collision\Shape\CapsuleShape.h">
      <Filter>头文件</Filter>
    </ClInclude>
    <ClInclude Include="third_party\Jolt\Physics\Collision\Shape\CompoundShape.h">
      <Filter>头文件</Filter>
    </ClInclude>
    <ClInclude Include="third_party\Jolt\Physics\Collision\Shape\CompoundShapeVisitors.h">
      <Filter>头文件</Filter>
    </ClInclude>
    <ClInclude Include="third_party\Jolt\Physics\Collision\Shape\ConvexHullShape.h">
      <Filter>头文件</Filter>
    </ClInclude>
    <ClInclude Include="third_party\Jolt\Physics\Collision\Shape\ConvexShape.h">
      <Filter>头文件</Filter>
    </ClInclude>
    <ClInclude Include="third_party\Jolt\Physics\Collision\Shape\CylinderShape.h">
      <Filter>头文件</Filter>
    </ClInclude>
    <ClInclude Include="third_party\Jolt\Physics\Collision\Shape\DecoratedShape.h">
      <Filter>头文件</Filter>
    </ClInclude>
    <ClInclude Include="third_party\Jolt\Physics\Collision\Shape\EmptyShape.h">
      <Filter>头文件</Filter>
    </ClInclude>
    <ClInclude Include="third_party\Jolt\Physics\Collision\Shape\GetTrianglesContext.h">
      <Filter>头文件</Filter>
    </ClInclude>
    <ClInclude Include="third_party\Jolt\Physics\Collision\Shape\HeightFieldShape.h">
      <Filter>头文件</Filter>
    </ClInclude>
    <ClInclude Include="third_party\Jolt\Physics\Collision\Shape\MeshShape.h">
      <Filter>头文件</Filter>
    </ClInclude>
    <ClInclude Include="third_party\Jolt\Physics\Collision\Shape\MutableCompoundShape.h">
      <Filter>头文件</Filter>
    </ClInclude>
    <ClInclude Include="third_party\Jolt\Physics\Collision\Shape\OffsetCenterOfMassShape.h">
      <Filter>头文件</Filter>
    </ClInclude>
    <ClInclude Include="third_party\Jolt\Physics\Collision\Shape\PlaneShape.h">
      <Filter>头文件</Filter>
    </ClInclude>
    <ClInclude Include="third_party\Jolt\Physics\Collision\Shape\PolyhedronSubmergedVolumeCalculator.h">
      <Filter>头文件</Filter>
    </ClInclude>
    <ClInclude Include="third_party\Jolt\Physics\Collision\Shape\RotatedTranslatedShape.h">
      <Filter>头文件</Filter>
    </ClInclude>
    <ClInclude Include="third_party\Jolt\Physics\Collision\Shape\ScaledShape.h">
      <Filter>头文件</Filter>
    </ClInclude>
    <ClInclude Include="third_party\Jolt\Physics\Collision\Shape\ScaleHelpers.h">
      <Filter>头文件</Filter>
    </ClInclude>
    <ClInclude Include="third_party\Jolt\Physics\Collision\Shape\Shape.h">
      <Filter>头文件</Filter>
    </ClInclude>
    <ClInclude Include="third_party\Jolt\Physics\Collision\Shape\SphereShape.h">
      <Filter>头文件</Filter>
    </ClInclude>
    <ClInclude Include="third_party\Jolt\Physics\Collision\Shape\StaticCompoundShape.h">
      <Filter>头文件</Filter>
    </ClInclude>
    <ClInclude Include="third_party\Jolt\Physics\Collision\Shape\SubShapeID.h">
      <Filter>头文件</Filter>
    </ClInclude>
    <ClInclude Include="third_party\Jolt\Physics\Collision\Shape\SubShapeIDPair.h">
      <Filter>头文件</Filter>
    </ClInclude>
    <ClInclude Include="third_party\Jolt\Physics\Collision\Shape\TaperedCapsuleShape.h">
      <Filter>头文件</Filter>
    </ClInclude>
    <ClInclude Include="third_party\Jolt\Physics\Collision\Shape\TaperedCylinderShape.h">
      <Filter>头文件</Filter>
    </ClInclude>
    <ClInclude Include="third_party\Jolt\Physics\Collision\Shape\TriangleShape.h">
      <Filter>头文件</Filter>
    </ClInclude>
    <ClInclude Include="third_party\Jolt\Physics\Collision\AABoxCast.h">
      <Filter>头文件</Filter>
    </ClInclude>
    <ClInclude Include="third_party\Jolt\Physics\Collision\ActiveEdgeMode.h">
      <Filter>头文件</Filter>
    </ClInclude>
    <ClInclude Include="third_party\Jolt\Physics\Collision\ActiveEdges.h">
      <Filter>头文件</Filter>
    </ClInclude>
    <ClInclude Include="third_party\Jolt\Physics\Collision\BackFaceMode.h">
      <Filter>头文件</Filter>
    </ClInclude>
    <ClInclude Include="third_party\Jolt\Physics\Collision\CastConvexVsTriangles.h">
      <Filter>头文件</Filter>
    </ClInclude>
    <ClInclude Include="third_party\Jolt\Physics\Collision\CastResult.h">
      <Filter>头文件</Filter>
    </ClInclude>
    <ClInclude Include="third_party\Jolt\Physics\Collision\CastSphereVsTriangles.h">
      <Filter>头文件</Filter>
    </ClInclude>
    <ClInclude Include="third_party\Jolt\Physics\Collision\CollectFacesMode.h">
      <Filter>头文件</Filter>
    </ClInclude>
    <ClInclude Include="third_party\Jolt\Physics\Collision\CollideConvexVsTriangles.h">
      <Filter>头文件</Filter>
    </ClInclude>
    <ClInclude Include="third_party\Jolt\Physics\Collision\CollidePointResult.h">
      <Filter>头文件</Filter>
    </ClInclude>
    <ClInclude Include="third_party\Jolt\Physics\Collision\CollideShape.h">
      <Filter>头文件</Filter>
    </ClInclude>
    <ClInclude Include="third_party\Jolt\Physics\Collision\CollideShapeVsShapePerLeaf.h">
      <Filter>头文件</Filter>
    </ClInclude>
    <ClInclude Include="third_party\Jolt\Physics\Collision\CollideSoftBodyVertexIterator.h">
      <Filter>头文件</Filter>
    </ClInclude>
    <ClInclude Include="third_party\Jolt\Physics\Collision\CollideSoftBodyVerticesVsTriangles.h">
      <Filter>头文件</Filter>
    </ClInclude>
    <ClInclude Include="third_party\Jolt\Physics\Collision\CollideSphereVsTriangles.h">
      <Filter>头文件</Filter>
    </ClInclude>
    <ClInclude Include="third_party\Jolt\Physics\Collision\CollisionCollector.h">
      <Filter>头文件</Filter>
    </ClInclude>
    <ClInclude Include="third_party\Jolt\Physics\Collision\CollisionCollectorImpl.h">
      <Filter>头文件</Filter>
    </ClInclude>
    <ClInclude Include="third_party\Jolt\Physics\Collision\CollisionDispatch.h">
      <Filter>头文件</Filter>
    </ClInclude>
    <ClInclude Include="third_party\Jolt\Physics\Collision\CollisionGroup.h">
      <Filter>头文件</Filter>
    </ClInclude>
    <ClInclude Include="third_party\Jolt\Physics\Collision\ContactListener.h">
      <Filter>头文件</Filter>
    </ClInclude>
    <ClInclude Include="third_party\Jolt\Physics\Collision\EstimateCollisionResponse.h">
      <Filter>头文件</Filter>
    </ClInclude>
    <ClInclude Include="third_party\Jolt\Physics\Collision\GroupFilter.h">
      <Filter>头文件</Filter>
    </ClInclude>
    <ClInclude Include="third_party\Jolt\Physics\Collision\GroupFilterTable.h">
      <Filter>头文件</Filter>
    </ClInclude>
    <ClInclude Include="third_party\Jolt\Physics\Collision\InternalEdgeRemovingCollector.h">
      <Filter>头文件</Filter>
    </ClInclude>
    <ClInclude Include="third_party\Jolt\Physics\Collision\ManifoldBetweenTwoFaces.h">
      <Filter>头文件</Filter>
    </ClInclude>
    <ClInclude Include="third_party\Jolt\Physics\Collision\NarrowPhaseQuery.h">
      <Filter>头文件</Filter>
    </ClInclude>
    <ClInclude Include="third_party\Jolt\Physics\Collision\NarrowPhaseStats.h">
      <Filter>头文件</Filter>
    </ClInclude>
    <ClInclude Include="third_party\Jolt\Physics\Collision\ObjectLayer.h">
      <Filter>头文件</Filter>
    </ClInclude>
    <ClInclude Include="third_party\Jolt\Physics\Collision\ObjectLayerPairFilterMask.h">
      <Filter>头文件</Filter>
    </ClInclude>
    <ClInclude Include="third_party\Jolt\Physics\Collision\ObjectLayerPairFilterTable.h">
      <Filter>头文件</Filter>
    </ClInclude>
    <ClInclude Include="third_party\Jolt\Physics\Collision\PhysicsMaterial.h">
      <Filter>头文件</Filter>
    </ClInclude>
    <ClInclude Include="third_party\Jolt\Physics\Collision\PhysicsMaterialSimple.h">
      <Filter>头文件</Filter>
    </ClInclude>
    <ClInclude Include="third_party\Jolt\Physics\Collision\RayCast.h">
      <Filter>头文件</Filter>
    </ClInclude>
    <ClInclude Include="third_party\Jolt\Physics\Collision\ShapeCast.h">
      <Filter>头文件</Filter>
    </ClInclude>
    <ClInclude Include="third_party\Jolt\Physics\Collision\ShapeFilter.h">
      <Filter>头文件</Filter>
    </ClInclude>
    <ClInclude Include="third_party\Jolt\Physics\Collision\SimShapeFilter.h">
      <Filter>头文件</Filter>
    </ClInclude>
    <ClInclude Include="third_party\Jolt\Physics\Collision\SimShapeFilterWrapper.h">
      <Filter>头文件</Filter>
    </ClInclude>
    <ClInclude Include="third_party\Jolt\Physics\Collision\SortReverseAndStore.h">
      <Filter>头文件</Filter>
    </ClInclude>
    <ClInclude Include="third_party\Jolt\Physics\Collision\TransformedShape.h">
      <Filter>头文件</Filter>
    </ClInclude>
    <ClInclude Include="third_party\Jolt\Physics\Constraints\ConstraintPart\AngleConstraintPart.h">
      <Filter>头文件</Filter>
    </ClInclude>
    <ClInclude Include="third_party\Jolt\Physics\Constraints\ConstraintPart\AngularFrictionConstraintPart.h">
      <Filter>头文件</Filter>
    </ClInclude>
    <ClInclude Include="third_party\Jolt\Physics\Constraints\ConstraintPart\AxisConstraintPart.h">
      <Filter>头文件</Filter>
    </ClInclude>
    <ClInclude Include="third_party\Jolt\Physics\Constraints\ConstraintPart\ContactConstraintPart.h">
      <Filter>头文件</Filter>
    </ClInclude>
    <ClInclude Include="third_party\Jolt\Physics\Constraints\ConstraintPart\DualAxisConstraintPart.h">
      <Filter>头文件</Filter>
    </ClInclude>
    <ClInclude Include="third_party\Jolt\Physics\Constraints\ConstraintPart\GearConstraintPart.h">
      <Filter>头文件</Filter>
    </ClInclude>
    <ClInclude Include="third_party\Jolt\Physics\Constraints\ConstraintPart\HingeRotationConstraintPart.h">
      <Filter>头文件</Filter>
    </ClInclude>
    <ClInclude Include="third_party\Jolt\Physics\Constraints\ConstraintPart\IndependentAxisConstraintPart.h">
      <Filter>头文件</Filter>
    </ClInclude>
    <ClInclude Include="third_party\Jolt\Physics\Constraints\ConstraintPart\PointConstraintPart.h">
      <Filter>头文件</Filter>
    </ClInclude>
    <ClInclude Include="third_party\Jolt\Physics\Constraints\ConstraintPart\RackAndPinionConstraintPart.h">
      <Filter>头文件</Filter>
    </ClInclude>
    <ClInclude Include="third_party\Jolt\Physics\Constraints\ConstraintPart\RotationEulerConstraintPart.h">
      <Filter>头文件</Filter>
    </ClInclude>
    <ClInclude Include="third_party\Jolt\Physics\Constraints\ConstraintPart\RotationQuatConstraintPart.h">
      <Filter>头文件</Filter>
    </ClInclude>
    <ClInclude Include="third_party\Jolt\Physics\Constraints\ConstraintPart\SpringPart.h">
      <Filter>头文件</Filter>
    </ClInclude>
    <ClInclude Include="third_party\Jolt\Physics\Constraints\ConstraintPart\SwingTwistConstraintPart.h">
      <Filter>头文件</Filter>
    </ClInclude>
    <ClInclude Include="third_party\Jolt\Physics\Constraints\CalculateSolverSteps.h">
      <Filter>头文件</Filter>
    </ClInclude>
    <ClInclude Include="third_party\Jolt\Physics\Constraints\ConeConstraint.h">
      <Filter>头文件</Filter>
    </ClInclude>
    <ClInclude Include="third_party\Jolt\Physics\Constraints\Constraint.h">
      <Filter>头文件</Filter>
    </ClInclude>
    <ClInclude Include="third_party\Jolt\Physics\Constraints\ConstraintManager.h">
      <Filter>头文件</Filter>
    </ClInclude>
    <ClInclude Include="third_party\Jolt\Physics\Constraints\ContactConstraintManager.h">
      <Filter>头文件</Filter>
    </ClInclude>
    <ClInclude Include="third_party\Jolt\Physics\Constraints\DistanceConstraint.h">
      <Filter>头文件</Filter>
    </ClInclude>
    <ClInclude Include="third_party\Jolt\Physics\Constraints\FixedConstraint.h">
      <Filter>头文件</Filter>
    </ClInclude>
    <ClInclude Include="third_party\Jolt\Physics\Constraints\GearConstraint.h">
      <Filter>头文件</Filter>
    </ClInclude>
    <ClInclude Include="third_party\Jolt\Physics\Constraints\HingeConstraint.h">
      <Filter>头文件</Filter>
    </ClInclude>
    <ClInclude Include="third_party\Jolt\Physics\Constraints\MotorSettings.h">
      <Filter>头文件</Filter>
    </ClInclude>
    <ClInclude Include="third_party\Jolt\Physics\Constraints\PathConstraint.h">
      <Filter>头文件</Filter>
    </ClInclude>
    <ClInclude Include="third_party\Jolt\Physics\Constraints\PathConstraintPath.h">
      <Filter>头文件</Filter>
    </ClInclude>
    <ClInclude Include="third_party\Jolt\Physics\Constraints\PathConstraintPathHermite.h">
      <Filter>头文件</Filter>
    </ClInclude>
    <ClInclude Include="third_party\Jolt\Physics\Constraints\PointConstraint.h">
      <Filter>头文件</Filter>
    </ClInclude>
    <ClInclude Include="third_party\Jolt\Physics\Constraints\PulleyConstraint.h">
      <Filter>头文件</Filter>
    </ClInclude>
    <ClInclude Include="third_party\Jolt\Physics\Constraints\RackAndPinionConstraint.h">
      <Filter>头文件</Filter>
    </ClInclude>
    <ClInclude Include="third_party\Jolt\Physics\Constraints\SixDOFConstraint.h">
      <Filter>头文件</Filter>
    </ClInclude>
    <ClInclude Include="third_party\Jolt\Physics\Constraints\SliderConstraint.h">
      <Filter>头文件</Filter>
    </ClInclude>
    <ClInclude Include="third_party\Jolt\Physics\Constraints\SpringSettings.h">
      <Filter>头文件</Filter>
    </ClInclude>
    <ClInclude Include="third_party\Jolt\Physics\Constraints\SwingTwistConstraint.h">
      <Filter>头文件</Filter>
    </ClInclude>
    <ClInclude Include="third_party\Jolt\Physics\Constraints\TwoBodyConstraint.h">
      <Filter>头文件</Filter>
    </ClInclude>
    <ClInclude Include="third_party\Jolt\Physics\Hair\Hair.h">
      <Filter>头文件</Filter>
    </ClInclude>
    <ClInclude Include="third_party\Jolt\Physics\Hair\HairSettings.h">
      <Filter>头文件</Filter>
    </ClInclude>
    <ClInclude Include="third_party\Jolt\Physics\Hair\HairShaders.h">
      <Filter>头文件</Filter>
    </ClInclude>
    <ClInclude Include="third_party\Jolt\Physics\Hair\RegisterHair.h">
      <Filter>头文件</Filter>
    </ClInclude>
    <ClInclude Include="third_party\Jolt\Physics\Ragdoll\Ragdoll.h">
      <Filter>头文件</Filter>
    </ClInclude>
    <ClInclude Include="third_party\Jolt\Physics\SoftBody\SoftBodyContactListener.h">
      <Filter>头文件</Filter>
    </ClInclude>
    <ClInclude Include="third_party\Jolt\Physics\SoftBody\SoftBodyCreationSettings.h">
      <Filter>头文件</Filter>
    </ClInclude>
    <ClInclude Include="third_party\Jolt\Physics\SoftBody\SoftBodyManifold.h">
      <Filter>头文件</Filter>
    </ClInclude>
    <ClInclude Include="third_party\Jolt\Physics\SoftBody\SoftBodyMotionProperties.h">
      <Filter>头文件</Filter>
    </ClInclude>
    <ClInclude Include="third_party\Jolt\Physics\SoftBody\SoftBodyShape.h">
      <Filter>头文件</Filter>
    </ClInclude>
    <ClInclude Include="third_party\Jolt\Physics\SoftBody\SoftBodySharedSettings.h">
      <Filter>头文件</Filter>
    </ClInclude>
    <ClInclude Include="third_party\Jolt\Physics\SoftBody\SoftBodyUpdateContext.h">
      <Filter>头文件</Filter>
    </ClInclude>
    <ClInclude Include="third_party\Jolt\Physics\SoftBody\SoftBodyVertex.h">
      <Filter>头文件</Filter>
    </ClInclude>
    <ClInclude Include="third_party\Jolt\Physics\Vehicle\MotorcycleController.h">
      <Filter>头文件</Filter>
    </ClInclude>
    <ClInclude Include="third_party\Jolt\Physics\Vehicle\TrackedVehicleController.h">
      <Filter>头文件</Filter>
    </ClInclude>
    <ClInclude Include="third_party\Jolt\Physics\Vehicle\VehicleAntiRollBar.h">
      <Filter>头文件</Filter>
    </ClInclude>
    <ClInclude Include="third_party\Jolt\Physics\Vehicle\VehicleCollisionTester.h">
      <Filter>头文件</Filter>
    </ClInclude>
    <ClInclude Include="third_party\Jolt\Physics\Vehicle\VehicleConstraint.h">
      <Filter>头文件</Filter>
    </ClInclude>
    <ClInclude Include="third_party\Jolt\Physics\Vehicle\VehicleController.h">
      <Filter>头文件</Filter>
    </ClInclude>
    <ClInclude Include="third_party\Jolt\Physics\Vehicle\VehicleDifferential.h">
      <Filter>头文件</Filter>
    </ClInclude>
    <ClInclude Include="third_party\Jolt\Physics\Vehicle\VehicleEngine.h">
      <Filter>头文件</Filter>
    </ClInclude>
    <ClInclude Include="third_party\Jolt\Physics\Vehicle\VehicleTrack.h">
      <Filter>头文件</Filter>
    </ClInclude>
    <ClInclude Include="third_party\Jolt\Physics\Vehicle\VehicleTransmission.h">
      <Filter>头文件</Filter>
    </ClInclude>
    <ClInclude Include="third_party\Jolt\Physics\Vehicle\Wheel.h">
      <Filter>头文件</Filter>
    </ClInclude>
    <ClInclude Include="third_party\Jolt\Physics\Vehicle\WheeledVehicleController.h">
      <Filter>头文件</Filter>
    </ClInclude>
    <ClInclude Include="third_party\Jolt\Physics\DeterminismLog.h">
      <Filter>头文件</Filter>
    </ClInclude>
    <ClInclude Include="third_party\Jolt\Physics\EActivation.h">
      <Filter>头文件</Filter>
    </ClInclude>
    <ClInclude Include="third_party\Jolt\Physics\EPhysicsUpdateError.h">
      <Filter>头文件</Filter>
    </ClInclude>
    <ClInclude Include="third_party\Jolt\Physics\IslandBuilder.h">
      <Filter>头文件</Filter>
    </ClInclude>
    <ClInclude Include="third_party\Jolt\Physics\LargeIslandSplitter.h">
      <Filter>头文件</Filter>
    </ClInclude>
    <ClInclude Include="third_party\Jolt\Physics\PhysicsLock.h">
      <Filter>头文件</Filter>
    </ClInclude>
    <ClInclude Include="third_party\Jolt\Physics\PhysicsScene.h">
      <Filter>头文件</Filter>
    </ClInclude>
    <ClInclude Include="third_party\Jolt\Physics\PhysicsSettings.h">
      <Filter>头文件</Filter>
    </ClInclude>
    <ClInclude Include="third_party\Jolt\Physics\PhysicsStepListener.h">
      <Filter>头文件</Filter>
    </ClInclude>
    <ClInclude Include="third_party\Jolt\Physics\PhysicsSystem.h">
      <Filter>头文件</Filter>
    </ClInclude>
    <ClInclude Include="third_party\Jolt\Physics\PhysicsUpdateContext.h">
      <Filter>头文件</Filter>
    </ClInclude>
    <ClInclude Include="third_party\Jolt\Physics\StateRecorder.h">
      <Filter>头文件</Filter>
    </ClInclude>
    <ClInclude Include="third_party\Jolt\Physics\StateRecorderImpl.h">
      <Filter>头文件</Filter>
    </ClInclude>
    <ClInclude Include="third_party\Jolt\Physics\Character\Character.h">
      <Filter>头文件</Filter>
    </ClInclude>
    <ClInclude Include="third_party\Jolt\Physics\Character\CharacterBase.h">
      <Filter>头文件</Filter>
    </ClInclude>
    <ClInclude Include="third_party\Jolt\Physics\Character\CharacterID.h">
      <Filter>头文件</Filter>
    </ClInclude>
    <ClInclude Include="third_party\Jolt\Physics\Character\CharacterVirtual.h">
      <Filter>头文件</Filter>
    </ClInclude>
    <ClInclude Include="third_party\Jolt\Physics\Body\MotionType.h">
      <Filter>头文件</Filter>
    </ClInclude>
    <ClInclude Include="third_party\Jolt\Physics\Body\AllowedDOFs.h">
      <Filter>头文件</Filter>
    </ClInclude>
    <ClInclude Include="third_party\Jolt\Physics\Body\Body.h">
      <Filter>头文件</Filter>
    </ClInclude>
    <ClInclude Include="third_party\Jolt\Physics\Body\BodyAccess.h">
      <Filter>头文件</Filter>
    </ClInclude>
    <ClInclude Include="third_party\Jolt\Physics\Body\BodyActivationListener.h">
      <Filter>头文件</Filter>
    </ClInclude>
    <ClInclude Include="third_party\Jolt\Physics\Body\BodyCreationSettings.h">
      <Filter>头文件</Filter>
    </ClInclude>
    <ClInclude Include="third_party\Jolt\Physics\Body\BodyFilter.h">
      <Filter>头文件</Filter>
    </ClInclude>
    <ClInclude Include="third_party\Jolt\Physics\Body\BodyID.h">
      <Filter>头文件</Filter>
    </ClInclude>
    <ClInclude Include="third_party\Jolt\Physics\Body\BodyInterface.h">
      <Filter>头文件</Filter>
    </ClInclude>
    <ClInclude Include="third_party\Jolt\Physics\Body\BodyLock.h">
      <Filter>头文件</Filter>
    </ClInclude>
    <ClInclude Include="third_party\Jolt\Physics\Body\BodyLockInterface.h">
      <Filter>头文件</Filter>
    </ClInclude>
    <ClInclude Include="third_party\Jolt\Physics\Body\BodyLockMulti.h">
      <Filter>头文件</Filter>
    </ClInclude>
    <ClInclude Include="third_party\Jolt\Physics\Body\BodyManager.h">
      <Filter>头文件</Filter>
    </ClInclude>
    <ClInclude Include="third_party\Jolt\Physics\Body\BodyPair.h">
      <Filter>头文件</Filter>
    </ClInclude>
    <ClInclude Include="third_party\Jolt\Physics\Body\BodyType.h">
      <Filter>头文件</Filter>
    </ClInclude>
    <ClInclude Include="third_party\Jolt\Physics\Body\MassProperties.h">
      <Filter>头文件</Filter>
    </ClInclude>
    <ClInclude Include="third_party\Jolt\Physics\Body\MotionProperties.h">
      <Filter>头文件</Filter>
    </ClInclude>
    <ClInclude Include="third_party\Jolt\Physics\Body\MotionQuality.h">
      <Filter>头文件</Filter>
    </ClInclude>
    <ClInclude Include="third_party\Jolt\Math\Vector.h">
      <Filter>头文件</Filter>
    </ClInclude>
    <ClInclude Include="third_party\Jolt\Math\BVec16.h">
      <Filter>头文件</Filter>
    </ClInclude>
    <ClInclude Include="third_party\Jolt\Math\DMat44.h">
      <Filter>头文件</Filter>
    </ClInclude>
    <ClInclude Include="third_party\Jolt\Math\Double3.h">
      <Filter>头文件</Filter>
    </ClInclude>
    <ClInclude Include="third_party\Jolt\Math\DVec3.h">
      <Filter>头文件</Filter>
    </ClInclude>
    <ClInclude Include="third_party\Jolt\Math\DynMatrix.h">
      <Filter>头文件</Filter>
    </ClInclude>
    <ClInclude Include="third_party\Jolt\Math\EigenValueSymmetric.h">
      <Filter>头文件</Filter>
    </ClInclude>
    <ClInclude Include="third_party\Jolt\Math\FindRoot.h">
      <Filter>头文件</Filter>
    </ClInclude>
    <ClInclude Include="third_party\Jolt\Math\Float2.h">
      <Filter>头文件</Filter>
    </ClInclude>
    <ClInclude Include="third_party\Jolt\Math\Float3.h">
      <Filter>头文件</Filter>
    </ClInclude>
    <ClInclude Include="third_party\Jolt\Math\Float4.h">
      <Filter>头文件</Filter>
    </ClInclude>
    <ClInclude Include="third_party\Jolt\Math\GaussianElimination.h">
      <Filter>头文件</Filter>
    </ClInclude>
    <ClInclude Include="third_party\Jolt\Math\HalfFloat.h">
      <Filter>头文件</Filter>
    </ClInclude>
    <ClInclude Include="third_party\Jolt\Math\Mat44.h">
      <Filter>头文件</Filter>
    </ClInclude>
    <ClInclude Include="third_party\Jolt\Math\Math.h">
      <Filter>头文件</Filter>
    </ClInclude>
    <ClInclude Include="third_party\Jolt\Math\MathTypes.h">
      <Filter>头文件</Filter>
    </ClInclude>
    <ClInclude Include="third_party\Jolt\Math\Matrix.h">
      <Filter>头文件</Filter>
    </ClInclude>
    <ClInclude Include="third_party\Jolt\Math\Quat.h">
      <Filter>头文件</Filter>
    </ClInclude>
    <ClInclude Include="third_party\Jolt\Math\Real.h">
      <Filter>头文件</Filter>
    </ClInclude>
    <ClInclude Include="third_party\Jolt\Math\Swizzle.h">
      <Filter>头文件</Filter>
    </ClInclude>
    <ClInclude Include="third_party\Jolt\Math\Trigonometry.h">
      <Filter>头文件</Filter>
    </ClInclude>
    <ClInclude Include="third_party\Jolt\Math\UVec4.h">
      <Filter>头文件</Filter>
    </ClInclude>
    <ClInclude Include="third_party\Jolt\Math\Vec3.h">
      <Filter>头文件</Filter>
    </ClInclude>
    <ClInclude Include="third_party\Jolt\Math\Vec4.h">
      <Filter>头文件</Filter>
    </ClInclude>
    <ClInclude Include="third_party\Jolt\Geometry\Triangle.h">
      <Filter>头文件</Filter>
    </ClInclude>
    <ClInclude Include="third_party\Jolt\Geometry\AABox.h">
      <Filter>头文件</Filter>
    </ClInclude>
    <ClInclude Include="third_party\Jolt\Geometry\AABox4.h">
      <Filter>头文件</Filter>
    </ClInclude>
    <ClInclude Include="third_party\Jolt\Geometry\ClipPoly.h">
      <Filter>头文件</Filter>
    </ClInclude>
    <ClInclude Include="third_party\Jolt\Geometry\ClosestPoint.h">
      <Filter>头文件</Filter>
    </ClInclude>
    <ClInclude Include="third_party\Jolt\Geometry\ConvexHullBuilder.h">
      <Filter>头文件</Filter>
    </ClInclude>
    <ClInclude Include="third_party\Jolt\Geometry\ConvexHullBuilder2D.h">
      <Filter>头文件</Filter>
    </ClInclude>
    <ClInclude Include="third_party\Jolt\Geometry\ConvexSupport.h">
      <Filter>头文件</Filter>
    </ClInclude>
    <ClInclude Include="third_party\Jolt\Geometry\Ellipse.h">
      <Filter>头文件</Filter>
    </ClInclude>
    <ClInclude Include="third_party\Jolt\Geometry\EPAConvexHullBuilder.h">
      <Filter>头文件</Filter>
    </ClInclude>
    <ClInclude Include="third_party\Jolt\Geometry\EPAPenetrationDepth.h">
      <Filter>头文件</Filter>
    </ClInclude>
    <ClInclude Include="third_party\Jolt\Geometry\GJKClosestPoint.h">
      <Filter>头文件</Filter>
    </ClInclude>
    <ClInclude Include="third_party\Jolt\Geometry\IndexedTriangle.h">
      <Filter>头文件</Filter>
    </ClInclude>
    <ClInclude Include="third_party\Jolt\Geometry\Indexify.h">
      <Filter>头文件</Filter>
    </ClInclude>
    <ClInclude Include="third_party\Jolt\Geometry\MortonCode.h">
      <Filter>头文件</Filter>
    </ClInclude>
    <ClInclude Include="third_party\Jolt\Geometry\OrientedBox.h">
      <Filter>头文件</Filter>
    </ClInclude>
    <ClInclude Include="third_party\Jolt\Geometry\Plane.h">
      <Filter>头文件</Filter>
    </ClInclude>
    <ClInclude Include="third_party\Jolt\Geometry\RayAABox.h">
      <Filter>头文件</Filter>
    </ClInclude>
    <ClInclude Include="third_party\Jolt\Geometry\RayCapsule.h">
      <Filter>头文件</Filter>
    </ClInclude>
    <ClInclude Include="third_party\Jolt\Geometry\RayCylinder.h">
      <Filter>头文件</Filter>
    </ClInclude>
    <ClInclude Include="third_party\Jolt\Geometry\RaySphere.h">
      <Filter>头文件</Filter>
    </ClInclude>
    <ClInclude Include="third_party\Jolt\Geometry\RayTriangle.h">
      <Filter>头文件</Filter>
    </ClInclude>
    <ClInclude Include="third_party\Jolt\Geometry\Sphere.h">
      <Filter>头文件</Filter>
    </ClInclude>
    <ClInclude Include="third_party\Jolt\Core\UnorderedSetFwd.h">
      <Filter>头文件</Filter>
    </ClInclude>
    <ClInclude Include="third_party\Jolt\Core\ARMNeon.h">
      <Filter>头文件</Filter>
    </ClInclude>
    <ClInclude Include="third_party\Jolt\Core\Array.h">
      <Filter>头文件</Filter>
    </ClInclude>
    <ClInclude Include="third_party\Jolt\Core\Atomics.h">
      <Filter>头文件</Filter>
    </ClInclude>
    <ClInclude Include="third_party\Jolt\Core\BinaryHeap.h">
      <Filter>头文件</Filter>
    </ClInclude>
    <ClInclude Include="third_party\Jolt\Core\ByteBuffer.h">
      <Filter>头文件</Filter>
    </ClInclude>
    <ClInclude Include="third_party\Jolt\Core\Color.h">
      <Filter>头文件</Filter>
    </ClInclude>
    <ClInclude Include="third_party\Jolt\Core\Core.h">
      <Filter>头文件</Filter>
    </ClInclude>
    <ClInclude Include="third_party\Jolt\Core\Factory.h">
      <Filter>头文件</Filter>
    </ClInclude>
    <ClInclude Include="third_party\Jolt\Core\FixedSizeFreeList.h">
      <Filter>头文件</Filter>
    </ClInclude>
    <ClInclude Include="third_party\Jolt\Core\FPControlWord.h">
      <Filter>头文件</Filter>
    </ClInclude>
    <ClInclude Include="third_party\Jolt\Core\FPException.h">
      <Filter>头文件</Filter>
    </ClInclude>
    <ClInclude Include="third_party\Jolt\Core\FPFlushDenormals.h">
      <Filter>头文件</Filter>
    </ClInclude>
    <ClInclude Include="third_party\Jolt\Core\HashCombine.h">
      <Filter>头文件</Filter>
    </ClInclude>
    <ClInclude Include="third_party\Jolt\Core\HashTable.h">
      <Filter>头文件</Filter>
    </ClInclude>
    <ClInclude Include="third_party\Jolt\Core\IncludeWindows.h">
      <Filter>头文件</Filter>
    </ClInclude>
    <ClInclude Include="third_party\Jolt\Core\InsertionSort.h">
      <Filter>头文件</Filter>
    </ClInclude>
    <ClInclude Include="third_party\Jolt\Core\IssueReporting.h">
      <Filter>头文件</Filter>
    </ClInclude>
    <ClInclude Include="third_party\Jolt\Core\JobSystem.h">
      <Filter>头文件</Filter>
    </ClInclude>
    <ClInclude Include="third_party\Jolt\Core\JobSystemSingleThreaded.h">
      <Filter>头文件</Filter>
    </ClInclude>
    <ClInclude Include="third_party\Jolt\Core\JobSystemThreadPool.h">
      <Filter>头文件</Filter>
    </ClInclude>
    <ClInclude Include="third_party\Jolt\Core\JobSystemWithBarrier.h">
      <Filter>头文件</Filter>
    </ClInclude>
    <ClInclude Include="third_party\Jolt\Core\LinearCurve.h">
      <Filter>头文件</Filter>
    </ClInclude>
    <ClInclude Include="third_party\Jolt\Core\LockFreeHashMap.h">
      <Filter>头文件</Filter>
    </ClInclude>
    <ClInclude Include="third_party\Jolt\Core\LSANSuppressions.h">
      <Filter>头文件</Filter>
    </ClInclude>
    <ClInclude Include="third_party\Jolt\Core\Memory.h">
      <Filter>头文件</Filter>
    </ClInclude>
    <ClInclude Include="third_party\Jolt\Core\Mutex.h">
      <Filter>头文件</Filter>
    </ClInclude>
    <ClInclude Include="third_party\Jolt\Core\MutexArray.h">
      <Filter>头文件</Filter>
    </ClInclude>
    <ClInclude Include="third_party\Jolt\Core\NonCopyable.h">
      <Filter>头文件</Filter>
    </ClInclude>
    <ClInclude Include="third_party\Jolt\Core\ObjectToIDMap.h">
      <Filter>头文件</Filter>
    </ClInclude>
    <ClInclude Include="third_party\Jolt\Core\Prefetch.h">
      <Filter>头文件</Filter>
    </ClInclude>
    <ClInclude Include="third_party\Jolt\Core\Profiler.h">
      <Filter>头文件</Filter>
    </ClInclude>
    <ClInclude Include="third_party\Jolt\Core\QuickSort.h">
      <Filter>头文件</Filter>
    </ClInclude>
    <ClInclude Include="third_party\Jolt\Core\Reference.h">
      <Filter>头文件</Filter>
    </ClInclude>
    <ClInclude Include="third_party\Jolt\Core\Result.h">
      <Filter>头文件</Filter>
    </ClInclude>
    <ClInclude Include="third_party\Jolt\Core\RISCVVector.h">
      <Filter>头文件</Filter>
    </ClInclude>
    <ClInclude Include="third_party\Jolt\Core\RTTI.h">
      <Filter>头文件</Filter>
    </ClInclude>
    <ClInclude Include="third_party\Jolt\Core\ScopeExit.h">
      <Filter>头文件</Filter>
    </ClInclude>
    <ClInclude Include="third_party\Jolt\Core\Semaphore.h">
      <Filter>头文件</Filter>
    </ClInclude>
    <ClInclude Include="third_party\Jolt\Core\StaticArray.h">
      <Filter>头文件</Filter>
    </ClInclude>
    <ClInclude Include="third_party\Jolt\Core\STLAlignedAllocator.h">
      <Filter>头文件</Filter>
    </ClInclude>
    <ClInclude Include="third_party\Jolt\Core\STLAllocator.h">
      <Filter>头文件</Filter>
    </ClInclude>
    <ClInclude Include="third_party\Jolt\Core\STLLocalAllocator.h">
      <Filter>头文件</Filter>
    </ClInclude>
    <ClInclude Include="third_party\Jolt\Core\STLTempAllocator.h">
      <Filter>头文件</Filter>
    </ClInclude>
    <ClInclude Include="third_party\Jolt\Core\StreamIn.h">
      <Filter>头文件</Filter>
    </ClInclude>
    <ClInclude Include="third_party\Jolt\Core\StreamOut.h">
      <Filter>头文件</Filter>
    </ClInclude>
    <ClInclude Include="third_party\Jolt\Core\StreamUtils.h">
      <Filter>头文件</Filter>
    </ClInclude>
    <ClInclude Include="third_party\Jolt\Core\StreamWrapper.h">
      <Filter>头文件</Filter>
    </ClInclude>
    <ClInclude Include="third_party\Jolt\Core\StridedPtr.h">
      <Filter>头文件</Filter>
    </ClInclude>
    <ClInclude Include="third_party\Jolt\Core\StringTools.h">
      <Filter>头文件</Filter>
    </ClInclude>
    <ClInclude Include="third_party\Jolt\Core\TempAllocator.h">
      <Filter>头文件</Filter>
    </ClInclude>
    <ClInclude Include="third_party\Jolt\Core\TickCounter.h">
      <Filter>头文件</Filter>
    </ClInclude>
    <ClInclude Include="third_party\Jolt\Core\UnorderedMap.h">
      <Filter>头文件</Filter>
    </ClInclude>
    <ClInclude Include="third_party\Jolt\Core\UnorderedMapFwd.h">
      <Filter>头文件</Filter>
    </ClInclude>
    <ClInclude Include="third_party\Jolt\Core\UnorderedSet.h">
      <Filter>头文件</Filter>
    </ClInclude>
    <ClInclude Include="third_party\Jolt\AABBTree\AABBTreeToBuffer.h">
      <Filter>头文件</Filter>
    </ClInclude>
    <ClInclude Include="third_party\Jolt\AABBTree\AABBTreeBuilder.h">
      <Filter>头文件</Filter>
    </ClInclude>
    <ClInclude Include="third_party\Jolt\AABBTree\TriangleCodec\TriangleCodecIndexed8BitPackSOA4Flags.h">
      <Filter>头文件</Filter>
    </ClInclude>
    <ClInclude Include="third_party\Jolt\AABBTree\NodeCodec\NodeCodecQuadTreeHalfFloat.h">
      <Filter>头文件</Filter>
    </ClInclude>
    <ClInclude Include="third_party\Jolt\ObjectStream\ObjectStream.h">
      <Filter>头文件</Filter>
    </ClInclude>
    <ClInclude Include="third_party\Jolt\ObjectStream\ObjectStreamBinaryIn.h">
      <Filter>头文件</Filter>
    </ClInclude>
    <ClInclude Include="third_party\Jolt\ObjectStream\ObjectStreamBinaryOut.h">
      <Filter>头文件</Filter>
    </ClInclude>
    <ClInclude Include="third_party\Jolt\ObjectStream\ObjectStreamIn.h">
      <Filter>头文件</Filter>
    </ClInclude>
    <ClInclude Include="third_party\Jolt\ObjectStream\ObjectStreamOut.h">
      <Filter>头文件</Filter>
    </ClInclude>
    <ClInclude Include="third_party\Jolt\ObjectStream\ObjectStreamTextIn.h">
      <Filter>头文件</Filter>
    </ClInclude>
    <ClInclude Include="third_party\Jolt\ObjectStream\ObjectStreamTextOut.h">
      <Filter>头文件</Filter>
    </ClInclude>
    <ClInclude Include="third_party\Jolt\ObjectStream\ObjectStreamTypes.h">
      <Filter>头文件</Filter>
    </ClInclude>
    <ClInclude Include="third_party\Jolt\ObjectStream\SerializableAttribute.h">
      <Filter>头文件</Filter>
    </ClInclude>
    <ClInclude Include="third_party\Jolt\ObjectStream\SerializableAttributeEnum.h">
      <Filter>头文件</Filter>
    </ClInclude>
    <ClInclude Include="third_party\Jolt\ObjectStream\SerializableAttributeTyped.h">
      <Filter>头文件</Filter>
    </ClInclude>
    <ClInclude Include="third_party\Jolt\ObjectStream\SerializableObject.h">
      <Filter>头文件</Filter>
    </ClInclude>
    <ClInclude Include="third_party\Jolt\ObjectStream\TypeDeclarations.h">
      <Filter>头文件</Filter>
    </ClInclude>
    <ClInclude Include="third_party\Jolt\ObjectStream\GetPrimitiveTypeOfType.h">
      <Filter>头文件</Filter>
    </ClInclude>
  </ItemGroup>
  <ItemGroup>
    <None Include="third_party\Jolt\Jolt.cmake" />
    <None Include="third_party\Jolt\Physics\Collision\Shape\TaperedCapsuleShape.gliffy" />
    <None Include="third_party\Jolt\Physics\Body\Body.inl">
      <Filter>头文件</Filter>
    </None>
    <None Include="third_party\Jolt\Physics\Body\MotionProperties.inl">
      <Filter>头文件</Filter>
    </None>
    <None Include="third_party\Jolt\Math\BVec16.inl">
      <Filter>头文件</Filter>
    </None>
    <None Include="third_party\Jolt\Math\DMat44.inl">
      <Filter>头文件</Filter>
    </None>
    <None Include="third_party\Jolt\Math\DVec3.inl">
      <Filter>头文件</Filter>
    </None>
    <None Include="third_party\Jolt\Math\Mat44.inl">
      <Filter>头文件</Filter>
    </None>
    <None Include="third_party\Jolt\Math\Quat.inl">
      <Filter>头文件</Filter>
    </None>
    <None Include="third_party\Jolt\Math\UVec4.inl">
      <Filter>头文件</Filter>
    </None>
    <None Include="third_party\Jolt\Math\Vec3.inl">
      <Filter>头文件</Filter>
    </None>
    <None Include="third_party\Jolt\Math\Vec4.inl">
      <Filter>头文件</Filter>
    </None>
    <None Include="third_party\Jolt\Core\FixedSizeFreeList.inl">
      <Filter>头文件</Filter>
    </None>
    <None Include="third_party\Jolt\Core\JobSystem.inl">
      <Filter>头文件</Filter>
    </None>
    <None Include="third_party\Jolt\Core\LockFreeHashMap.inl">
      <Filter>头文件</Filter>
    </None>
    <None Include="third_party\Jolt\Core\Profiler.inl">
      <Filter>头文件</Filter>
    </None>
  </ItemGroup>
  <ItemGroup>
    <Natvis Include="third_party\Jolt\Jolt.natvis" />
  </ItemGroup>
</Project>